
Microsoft Visual Studio Solution File, Format Version 12.00
# Visual Studio 15
VisualStudioVersion = 15.0.28010.2036
MinimumVisualStudioVersion = 10.0.40219.1
Project("{9A19103F-16F7-4668-BE54-9A1E7A4F7556}") = "ProxyKit", "src\ProxyKit\ProxyKit.csproj", "{9BD55660-9B5A-400E-B099-E52EE3C3A813}"
EndProject
Project("{9A19103F-16F7-4668-BE54-9A1E7A4F7556}") = "ProxyKit.Tests", "src\ProxyKit.Tests\ProxyKit.Tests.csproj", "{10818657-9BA0-4E37-9E55-7B24DA381144}"
EndProject
Project("{9A19103F-16F7-4668-BE54-9A1E7A4F7556}") = "Examples", "src\Examples\Examples.csproj", "{B2DE9AD5-0E1C-4774-A4EB-B7A18D12529B}"
EndProject
Project("{2150E333-8FDC-42A3-9474-1A3956D46DE8}") = "Stress", "Stress", "{4C90ABFB-0FFC-4C3E-856B-D910068FD6AF}"
EndProject
Project("{9A19103F-16F7-4668-BE54-9A1E7A4F7556}") = "UpstreamServer", "src\UpstreamServer\UpstreamServer.csproj", "{C27D3A2C-D7B3-42D2-88C6-14C14D6807EA}"
EndProject
Project("{9A19103F-16F7-4668-BE54-9A1E7A4F7556}") = "SimpleProxy", "src\SimpleProxy\SimpleProxy.csproj", "{64134BBC-FCB1-4B21-B510-EF4D50FE33CC}"
EndProject
Global
	GlobalSection(SolutionConfigurationPlatforms) = preSolution
		Debug|Any CPU = Debug|Any CPU
		Release|Any CPU = Release|Any CPU
	EndGlobalSection
	GlobalSection(ProjectConfigurationPlatforms) = postSolution
		{9BD55660-9B5A-400E-B099-E52EE3C3A813}.Debug|Any CPU.ActiveCfg = Debug|Any CPU
		{9BD55660-9B5A-400E-B099-E52EE3C3A813}.Debug|Any CPU.Build.0 = Debug|Any CPU
		{9BD55660-9B5A-400E-B099-E52EE3C3A813}.Release|Any CPU.ActiveCfg = Release|Any CPU
		{9BD55660-9B5A-400E-B099-E52EE3C3A813}.Release|Any CPU.Build.0 = Release|Any CPU
		{10818657-9BA0-4E37-9E55-7B24DA381144}.Debug|Any CPU.ActiveCfg = Debug|Any CPU
		{10818657-9BA0-4E37-9E55-7B24DA381144}.Debug|Any CPU.Build.0 = Debug|Any CPU
		{10818657-9BA0-4E37-9E55-7B24DA381144}.Release|Any CPU.ActiveCfg = Release|Any CPU
		{10818657-9BA0-4E37-9E55-7B24DA381144}.Release|Any CPU.Build.0 = Release|Any CPU
		{B2DE9AD5-0E1C-4774-A4EB-B7A18D12529B}.Debug|Any CPU.ActiveCfg = Debug|Any CPU
		{B2DE9AD5-0E1C-4774-A4EB-B7A18D12529B}.Debug|Any CPU.Build.0 = Debug|Any CPU
		{B2DE9AD5-0E1C-4774-A4EB-B7A18D12529B}.Release|Any CPU.ActiveCfg = Release|Any CPU
		{B2DE9AD5-0E1C-4774-A4EB-B7A18D12529B}.Release|Any CPU.Build.0 = Release|Any CPU
		{C27D3A2C-D7B3-42D2-88C6-14C14D6807EA}.Debug|Any CPU.ActiveCfg = Debug|Any CPU
		{C27D3A2C-D7B3-42D2-88C6-14C14D6807EA}.Debug|Any CPU.Build.0 = Debug|Any CPU
		{C27D3A2C-D7B3-42D2-88C6-14C14D6807EA}.Release|Any CPU.ActiveCfg = Release|Any CPU
		{C27D3A2C-D7B3-42D2-88C6-14C14D6807EA}.Release|Any CPU.Build.0 = Release|Any CPU
		{64134BBC-FCB1-4B21-B510-EF4D50FE33CC}.Debug|Any CPU.ActiveCfg = Debug|Any CPU
		{64134BBC-FCB1-4B21-B510-EF4D50FE33CC}.Debug|Any CPU.Build.0 = Debug|Any CPU
		{64134BBC-FCB1-4B21-B510-EF4D50FE33CC}.Release|Any CPU.ActiveCfg = Release|Any CPU
		{64134BBC-FCB1-4B21-B510-EF4D50FE33CC}.Release|Any CPU.Build.0 = Release|Any CPU
	EndGlobalSection
	GlobalSection(SolutionProperties) = preSolution
		HideSolutionNode = FALSE
	EndGlobalSection
	GlobalSection(NestedProjects) = preSolution
		{C27D3A2C-D7B3-42D2-88C6-14C14D6807EA} = {4C90ABFB-0FFC-4C3E-856B-D910068FD6AF}
		{64134BBC-FCB1-4B21-B510-EF4D50FE33CC} = {4C90ABFB-0FFC-4C3E-856B-D910068FD6AF}
	EndGlobalSection
	GlobalSection(ExtensibilityGlobals) = postSolution
		SolutionGuid = {61D66EC0-2E2A-4AE6-A06E-F8D572DFB319}
	EndGlobalSection
EndGlobal
