
Microsoft Visual Studio Solution File, Format Version 12.00
# Visual Studio 15
VisualStudioVersion = 15.0.28307.645
MinimumVisualStudioVersion = 10.0.40219.1
Project("{9A19103F-16F7-4668-BE54-9A1E7A4F7556}") = "Failing", "Failing\Failing.csproj", "{1084880C-E10A-4AB4-BDA6-33BB9B32A6CF}"
EndProject
Project("{9A19103F-16F7-4668-BE54-9A1E7A4F7556}") = "ProxyKit", "..\src\ProxyKit\ProxyKit.csproj", "{4D82F777-EB3A-4225-A434-62D455A06CE6}"
EndProject
Global
	GlobalSection(SolutionConfigurationPlatforms) = preSolution
		Debug|Any CPU = Debug|Any CPU
		Release|Any CPU = Release|Any CPU
	EndGlobalSection
	GlobalSection(ProjectConfigurationPlatforms) = postSolution
		{1084880C-E10A-4AB4-BDA6-33BB9B32A6CF}.Debug|Any CPU.ActiveCfg = Debug|Any CPU
		{1084880C-E10A-4AB4-BDA6-33BB9B32A6CF}.Debug|Any CPU.Build.0 = Debug|Any CPU
		{1084880C-E10A-4AB4-BDA6-33BB9B32A6CF}.Release|Any CPU.ActiveCfg = Release|Any CPU
		{1084880C-E10A-4AB4-BDA6-33BB9B32A6CF}.Release|Any CPU.Build.0 = Release|Any CPU
		{4D82F777-EB3A-4225-A434-62D455A06CE6}.Debug|Any CPU.ActiveCfg = Debug|Any CPU
		{4D82F777-EB3A-4225-A434-62D455A06CE6}.Debug|Any CPU.Build.0 = Debug|Any CPU
		{4D82F777-EB3A-4225-A434-62D455A06CE6}.Release|Any CPU.ActiveCfg = Release|Any CPU
		{4D82F777-EB3A-4225-A434-62D455A06CE6}.Release|Any CPU.Build.0 = Release|Any CPU
	EndGlobalSection
	GlobalSection(SolutionProperties) = preSolution
		HideSolutionNode = FALSE
	EndGlobalSection
	GlobalSection(ExtensibilityGlobals) = postSolution
		SolutionGuid = {842C3498-29D8-433B-9ECC-F6627D0A0C36}
	EndGlobalSection
EndGlobal
